<?xml version="1.0" encoding="utf-8"?>
<Project ToolsVersion="4.0" xmlns="http://schemas.microsoft.com/developer/msbuild/2003">
  <ItemGroup>
    <ClCompile Include="Source/Application.cpp" />
    <ClCompile Include="Source/log.cpp" />
    <ClCompile Include="Source/Main.cpp" />
    <ClCompile Include="Source/ModuleInput.cpp" />
    <ClCompile Include="Source/ModuleOpenGL.cpp" />
    <ClCompile Include="Source/ModuleProgram.cpp" />
    <ClCompile Include="Source/ModuleRender.cpp" />
    <ClCompile Include="Source/ModuleRenderExercise.cpp" />
    <ClCompile Include="Source/ModuleWindow.cpp" />
    <ClCompile Include="External/IMGUI\imgui.cpp">
      <Filter>ImGui</Filter>
    </ClCompile>
    <ClCompile Include="External/IMGUI\imgui_demo.cpp">
      <Filter>ImGui</Filter>
    </ClCompile>
    <ClCompile Include="External/IMGUI\imgui_draw.cpp">
      <Filter>ImGui</Filter>
    </ClCompile>
    <ClCompile Include="External/IMGUI\imgui_impl_opengl3.cpp">
      <Filter>ImGui</Filter>
    </ClCompile>
    <ClCompile Include="External/IMGUI\imgui_impl_sdl2.cpp">
      <Filter>ImGui</Filter>
    </ClCompile>
    <ClCompile Include="External/IMGUI\imgui_tables.cpp">
      <Filter>ImGui</Filter>
    </ClCompile>
    <ClCompile Include="External/IMGUI\imgui_widgets.cpp">
      <Filter>ImGui</Filter>
    </ClCompile>
    <ClCompile Include="Source/ModuleEditor.cpp" />
    <ClCompile Include="Source/ModuleDebugDraw.cpp" />
    <ClCompile Include="External/MathGeoLib\include\Time\Clock.cpp" />
    <ClCompile Include="External/MathGeoLib\include\Math\BitOps.cpp" />
    <ClCompile Include="External/MathGeoLib\include\Math\float2.cpp" />
    <ClCompile Include="External/MathGeoLib\include\Math\float3.cpp" />
    <ClCompile Include="External/MathGeoLib\include\Math\float3x3.cpp" />
    <ClCompile Include="External/MathGeoLib\include\Math\float3x4.cpp" />
    <ClCompile Include="External/MathGeoLib\include\Math\float4.cpp" />
    <ClCompile Include="External/MathGeoLib\include\Math\float4x4.cpp" />
    <ClCompile Include="External/MathGeoLib\include\Math\MathFunc.cpp" />
    <ClCompile Include="External/MathGeoLib\include\Math\MathLog.cpp" />
    <ClCompile Include="External/MathGeoLib\include\Math\MathOps.cpp" />
    <ClCompile Include="External/MathGeoLib\include\Math\Polynomial.cpp" />
    <ClCompile Include="External/MathGeoLib\include\Math\Quat.cpp" />
    <ClCompile Include="External/MathGeoLib\include\Math\SSEMath.cpp" />
    <ClCompile Include="External/MathGeoLib\include\Math\TransformOps.cpp" />
    <ClCompile Include="External/MathGeoLib\include\Geometry\Cylinder.cpp" />
    <ClCompile Include="External/MathGeoLib\include\Geometry\Frustum.cpp" />
    <ClCompile Include="External/MathGeoLib\include\Geometry\Line.cpp" />
    <ClCompile Include="External/MathGeoLib\include\Geometry\LineSegment.cpp" />
    <ClCompile Include="External/MathGeoLib\include\Geometry\OBB.cpp" />
    <ClCompile Include="External/MathGeoLib\include\Geometry\Plane.cpp" />
    <ClCompile Include="External/MathGeoLib\include\Geometry\Polygon.cpp" />
    <ClCompile Include="External/MathGeoLib\include\Geometry\Polyhedron.cpp" />
    <ClCompile Include="External/MathGeoLib\include\Geometry\Ray.cpp" />
    <ClCompile Include="External/MathGeoLib\include\Geometry\Sphere.cpp" />
    <ClCompile Include="External/MathGeoLib\include\Geometry\Triangle.cpp" />
    <ClCompile Include="External/MathGeoLib\include\Geometry\TriangleMesh.cpp" />
    <ClCompile Include="External/MathGeoLib\include\Geometry\AABB.cpp" />
    <ClCompile Include="External/MathGeoLib\include\Geometry\Capsule.cpp" />
    <ClCompile Include="External/MathGeoLib\include\Geometry\Circle.cpp" />
    <ClCompile Include="External/MathGeoLib\include\Geometry\Cone.cpp" />
    <ClCompile Include="External/MathGeoLib\include\Algorithm\Random\LCG.cpp" />
  </ItemGroup>
  <ItemGroup>
    <ClInclude Include="Source/Application.h" />
    <ClInclude Include="Source/Dummy.h" />
    <ClInclude Include="Source/Globals.h" />
    <ClInclude Include="Source/Module.h" />
    <ClInclude Include="Source/ModuleInput.h" />
    <ClInclude Include="Source/ModuleOpenGL.h" />
    <ClInclude Include="Source/ModuleProgram.h" />
    <ClInclude Include="Source/ModuleRender.h" />
    <ClInclude Include="Source/ModuleRenderExercise.h" />
    <ClInclude Include="Source/ModuleWindow.h" />
    <ClInclude Include="External/IMGUI\imgui.h">
      <Filter>ImGui</Filter>
    </ClInclude>
    <ClInclude Include="External/IMGUI\imconfig.h">
      <Filter>ImGui</Filter>
    </ClInclude>
    <ClInclude Include="External/IMGUI\imgui_impl_opengl3.h">
      <Filter>ImGui</Filter>
    </ClInclude>
    <ClInclude Include="External/IMGUI\imgui_impl_opengl3_loader.h">
      <Filter>ImGui</Filter>
    </ClInclude>
    <ClInclude Include="External/IMGUI\imgui_impl_sdl2.h">
      <Filter>ImGui</Filter>
    </ClInclude>
    <ClInclude Include="External/IMGUI\imgui_internal.h">
      <Filter>ImGui</Filter>
    </ClInclude>
    <ClInclude Include="External/IMGUI\imstb_rectpack.h">
      <Filter>ImGui</Filter>
    </ClInclude>
    <ClInclude Include="External/IMGUI\imstb_textedit.h">
      <Filter>ImGui</Filter>
    </ClInclude>
    <ClInclude Include="External/IMGUI\imstb_truetype.h">
      <Filter>ImGui</Filter>
    </ClInclude>
    <ClInclude Include="Source/ModuleEditor.h" />
    <ClInclude Include="Source/ModuleDebugDraw.h" />
    <ClInclude Include="Source/debug_draw.hpp" />
    <ClInclude Include="Source/debugdraw.h" />
    <ClInclude Include="External/MathGeoLib\include\MathBuildConfig.h" />
    <ClInclude Include="External/MathGeoLib\include\Time\Clock.h" />
    <ClInclude Include="External/MathGeoLib\include\Math\Complex.h" />
    <ClInclude Include="External/MathGeoLib\include\Math\FixedPoint.h" />
    <ClInclude Include="External/MathGeoLib\include\Math\assume.h" />
    <ClInclude Include="External/MathGeoLib\include\Math\BitOps.h" />
    <ClInclude Include="External/MathGeoLib\include\Math\CoordinateAxisConvention.h" />
    <ClInclude Include="External/MathGeoLib\include\Math\float2.h" />
    <ClInclude Include="External/MathGeoLib\include\Math\float3.h" />
    <ClInclude Include="External/MathGeoLib\include\Math\float3x3.h" />
    <ClInclude Include="External/MathGeoLib\include\Math\float3x4.h" />
    <ClInclude Include="External/MathGeoLib\include\Math\float4.h" />
    <ClInclude Include="External/MathGeoLib\include\Math\float4_neon.h" />
    <ClInclude Include="External/MathGeoLib\include\Math\float4_sse.h" />
    <ClInclude Include="External/MathGeoLib\include\Math\float4x4.h" />
    <ClInclude Include="External/MathGeoLib\include\Math\float4x4_neon.h" />
    <ClInclude Include="External/MathGeoLib\include\Math\float4x4_sse.h" />
    <ClInclude Include="External/MathGeoLib\include\Math\MathAll.h" />
    <ClInclude Include="External/MathGeoLib\include\Math\FloatCmp.h" />
    <ClInclude Include="External/MathGeoLib\include\Math\MathConstants.h" />
    <ClInclude Include="External/MathGeoLib\include\Math\MathFunc.h" />
    <ClInclude Include="External/MathGeoLib\include\Math\MathLog.h" />
    <ClInclude Include="External/MathGeoLib\include\Math\MathNamespace.h" />
    <ClInclude Include="External/MathGeoLib\include\Math\MathTypes.h" />
    <ClInclude Include="External/MathGeoLib\include\Math\MatrixProxy.h" />
    <ClInclude Include="External/MathGeoLib\include\Math\myassert.h" />
    <ClInclude Include="External/MathGeoLib\include\Math\Polynomial.h" />
    <ClInclude Include="External/MathGeoLib\include\Math\Quat.h" />
    <ClInclude Include="External/MathGeoLib\include\Math\quat_simd.h" />
    <ClInclude Include="External/MathGeoLib\include\Math\Rect.h" />
    <ClInclude Include="External/MathGeoLib\include\Math\Reinterpret.h" />
    <ClInclude Include="External/MathGeoLib\include\Math\sse_mathfun.h" />
    <ClInclude Include="External/MathGeoLib\include\Math\SSEMath.h" />
    <ClInclude Include="External/MathGeoLib\include\Math\TransformOps.h" />
    <ClInclude Include="External/MathGeoLib\include\Geometry\Cone.h" />
    <ClInclude Include="External/MathGeoLib\include\Geometry\Cylinder.h" />
    <ClInclude Include="External/MathGeoLib\include\Geometry\Frustum.h" />
    <ClInclude Include="External/MathGeoLib\include\Geometry\GeometryAll.h" />
    <ClInclude Include="External/MathGeoLib\include\Geometry\GeomType.h" />
    <ClInclude Include="External/MathGeoLib\include\Geometry\HitInfo.h" />
    <ClInclude Include="External/MathGeoLib\include\Geometry\KDTree.h" />
    <ClInclude Include="External/MathGeoLib\include\Geometry\Line.h" />
    <ClInclude Include="External/MathGeoLib\include\Geometry\LineSegment.h" />
    <ClInclude Include="External/MathGeoLib\include\Geometry\OBB.h" />
    <ClInclude Include="External/MathGeoLib\include\Geometry\PBVolume.h" />
    <ClInclude Include="External/MathGeoLib\include\Geometry\Plane.h" />
    <ClInclude Include="External/MathGeoLib\include\Geometry\Polygon.h" />
    <ClInclude Include="External/MathGeoLib\include\Geometry\Polyhedron.h" />
    <ClInclude Include="External/MathGeoLib\include\Geometry\QuadTree.h" />
    <ClInclude Include="External/MathGeoLib\include\Geometry\Ray.h" />
    <ClInclude Include="External/MathGeoLib\include\Geometry\Sphere.h" />
    <ClInclude Include="External/MathGeoLib\include\Geometry\Triangle.h" />
    <ClInclude Include="External/MathGeoLib\include\Geometry\TriangleMesh.h" />
    <ClInclude Include="External/MathGeoLib\include\Geometry\AABB.h" />
    <ClInclude Include="External/MathGeoLib\include\Geometry\AABB2D.h" />
    <ClInclude Include="External/MathGeoLib\include\Geometry\Capsule.h" />
    <ClInclude Include="External/MathGeoLib\include\Geometry\Circle.h" />
    <ClInclude Include="External/MathGeoLib\include\Algorithm\Random\LCG.h" />
    <ClInclude Include="Source/stb_image.h" />
    <ClInclude Include="External/MathGeoLib\include\MathGeoLib.h" />
    <ClInclude Include="External/MathGeoLib\include\MathGeoLibFwd.h" />
  </ItemGroup>
  <ItemGroup>
    <Filter Include="ImGui">
      <UniqueIdentifier>{23f20040-8fae-4d61-9170-93241c980dcb}</UniqueIdentifier>
    </Filter>
  </ItemGroup>
  <ItemGroup>
    <None Include="External/MathGeoLib\include\Math\Matrix.inl" />
    <None Include="External/MathGeoLib\include\Geometry\KDTree.inl" />
    <None Include="External/MathGeoLib\include\Geometry\QuadTree.inl" />
    <None Include="External/MathGeoLib\include\Geometry\TriangleMesh_IntersectRay_AVX.inl" />
    <None Include="External/MathGeoLib\include\Geometry\TriangleMesh_IntersectRay_CPP.inl" />
    <None Include="External/MathGeoLib\include\Geometry\TriangleMesh_IntersectRay_SSE.inl" />
  </ItemGroup>
</Project>